{
  "requires": true,
  "lockfileVersion": 1,
  "dependencies": {
    "leaflet": {
      "version": "1.7.1",
      "resolved": "https://registry.npmjs.org/leaflet/-/leaflet-1.7.1.tgz",
      "integrity": "sha512-/xwPEBidtg69Q3HlqPdU3DnrXQOvQU/CCHA1tcDQVzOwm91YMYaILjNp7L4Eaw5Z4sOYdbBz6koWyibppd8Zqw=="
    },
    "leaflet-geometryutil": {
      "version": "0.10.0",
      "resolved": "https://registry.npmjs.org/leaflet-geometryutil/-/leaflet-geometryutil-0.10.0.tgz",
      "integrity": "sha512-4OGu2OnpHLx+7QpOY6NatrAiSWWrP/Z3HOM9ZsmQ0JWIzAytFS6SLUnKHVjwpgRzPUpV/6w0b4Fh24pVIgqFHw==",
      "requires": {
        "leaflet": "^1.6.0"
      }
    }
  }
}
